// !$*UTF8*$!
{
	archiveVersion = 1;
	classes = {
	};
	objectVersion = 77;
	objects = {

/* Begin PBXBuildFile section */
		EAE67F322E006BC400A50511 /* SDWebImageSwiftUI in Frameworks */ = {isa = PBXBuildFile; productRef = EAE67F312E006BC400A50511 /* SDWebImageSwiftUI */; };
		EAE67F352E006BDE00A50511 /* SDWebImageSVGCoder in Frameworks */ = {isa = PBXBuildFile; productRef = EAE67F342E006BDE00A50511 /* SDWebImageSVGCoder */; };
/* End PBXBuildFile section */

/* Begin PBXContainerItemProxy section */
		EAE67D882E00211700A50511 /* PBXContainerItemProxy */ = {
			isa = PBXContainerItemProxy;
			containerPortal = EAE67D702E00211500A50511 /* Project object */;
			proxyType = 1;
			remoteGlobalIDString = EAE67D772E00211500A50511;
			remoteInfo = CountryApp;
		};
		EAE67D922E00211700A50511 /* PBXContainerItemProxy */ = {
			isa = PBXContainerItemProxy;
			containerPortal = EAE67D702E00211500A50511 /* Project object */;
			proxyType = 1;
			remoteGlobalIDString = EAE67D772E00211500A50511;
			remoteInfo = CountryApp;
		};
/* End PBXContainerItemProxy section */

/* Begin PBXFileReference section */
		EAE67D782E00211500A50511 /* CountryApp.app */ = {isa = PBXFileReference; explicitFileType = wrapper.application; includeInIndex = 0; path = CountryApp.app; sourceTree = BUILT_PRODUCTS_DIR; };
		EAE67D872E00211700A50511 /* CountryAppTests.xctest */ = {isa = PBXFileReference; explicitFileType = wrapper.cfbundle; includeInIndex = 0; path = CountryAppTests.xctest; sourceTree = BUILT_PRODUCTS_DIR; };
		EAE67D912E00211700A50511 /* CountryAppUITests.xctest */ = {isa = PBXFileReference; explicitFileType = wrapper.cfbundle; includeInIndex = 0; path = CountryAppUITests.xctest; sourceTree = BUILT_PRODUCTS_DIR; };
/* End PBXFileReference section */

/* Begin PBXFileSystemSynchronizedRootGroup section */
		EAE67D7A2E00211500A50511 /* CountryApp */ = {
			isa = PBXFileSystemSynchronizedRootGroup;
			path = CountryApp;
			sourceTree = "<group>";
		};
		EAE67D8A2E00211700A50511 /* CountryAppTests */ = {
			isa = PBXFileSystemSynchronizedRootGroup;
			path = CountryAppTests;
			sourceTree = "<group>";
		};
		EAE67D942E00211700A50511 /* CountryAppUITests */ = {
			isa = PBXFileSystemSynchronizedRootGroup;
			path = CountryAppUITests;
			sourceTree = "<group>";
		};
/* End PBXFileSystemSynchronizedRootGroup section */

/* Begin PBXFrameworksBuildPhase section */
		EAE67D752E00211500A50511 /* Frameworks */ = {
			isa = PBXFrameworksBuildPhase;
			buildActionMask = 2147483647;
			files = (
				EAE67F322E006BC400A50511 /* SDWebImageSwiftUI in Frameworks */,
				EAE67F352E006BDE00A50511 /* SDWebImageSVGCoder in Frameworks */,
			);
			runOnlyForDeploymentPostprocessing = 0;
		};
		EAE67D842E00211700A50511 /* Frameworks */ = {
			isa = PBXFrameworksBuildPhase;
			buildActionMask = 2147483647;
			files = (
			);
			runOnlyForDeploymentPostprocessing = 0;
		};
		EAE67D8E2E00211700A50511 /* Frameworks */ = {
			isa = PBXFrameworksBuildPhase;
			buildActionMask = 2147483647;
			files = (
			);
			runOnlyForDeploymentPostprocessing = 0;
		};
/* End PBXFrameworksBuildPhase section */

/* Begin PBXGroup section */
		EAE67D6F2E00211500A50511 = {
			isa = PBXGroup;
			children = (
				EAE67D7A2E00211500A50511 /* CountryApp */,
				EAE67D8A2E00211700A50511 /* CountryAppTests */,
				EAE67D942E00211700A50511 /* CountryAppUITests */,
				EAE67D792E00211500A50511 /* Products */,
			);
			sourceTree = "<group>";
		};
		EAE67D792E00211500A50511 /* Products */ = {
			isa = PBXGroup;
			children = (
				EAE67D782E00211500A50511 /* CountryApp.app */,
				EAE67D872E00211700A50511 /* CountryAppTests.xctest */,
				EAE67D912E00211700A50511 /* CountryAppUITests.xctest */,
			);
			name = Products;
			sourceTree = "<group>";
		};
/* End PBXGroup section */

/* Begin PBXNativeTarget section */
		EAE67D772E00211500A50511 /* CountryApp */ = {
			isa = PBXNativeTarget;
			buildConfigurationList = EAE67D9B2E00211700A50511 /* Build configuration list for PBXNativeTarget "CountryApp" */;
			buildPhases = (
				EAE67D742E00211500A50511 /* Sources */,
				EAE67D752E00211500A50511 /* Frameworks */,
				EAE67D762E00211500A50511 /* Resources */,
			);
			buildRules = (
			);
			dependencies = (
			);
			fileSystemSynchronizedGroups = (
				EAE67D7A2E00211500A50511 /* CountryApp */,
			);
			name = CountryApp;
			packageProductDependencies = (
				EAE67F312E006BC400A50511 /* SDWebImageSwiftUI */,
				EAE67F342E006BDE00A50511 /* SDWebImageSVGCoder */,
			);
			productName = CountryApp;
			productReference = EAE67D782E00211500A50511 /* CountryApp.app */;
			productType = "com.apple.product-type.application";
		};
		EAE67D862E00211700A50511 /* CountryAppTests */ = {
			isa = PBXNativeTarget;
			buildConfigurationList = EAE67D9E2E00211700A50511 /* Build configuration list for PBXNativeTarget "CountryAppTests" */;
			buildPhases = (
				EAE67D832E00211700A50511 /* Sources */,
				EAE67D842E00211700A50511 /* Frameworks */,
				EAE67D852E00211700A50511 /* Resources */,
			);
			buildRules = (
			);
			dependencies = (
				EAE67D892E00211700A50511 /* PBXTargetDependency */,
			);
			fileSystemSynchronizedGroups = (
				EAE67D8A2E00211700A50511 /* CountryAppTests */,
			);
			name = CountryAppTests;
			packageProductDependencies = (
			);
			productName = CountryAppTests;
			productReference = EAE67D872E00211700A50511 /* CountryAppTests.xctest */;
			productType = "com.apple.product-type.bundle.unit-test";
		};
		EAE67D902E00211700A50511 /* CountryAppUITests */ = {
			isa = PBXNativeTarget;
			buildConfigurationList = EAE67DA12E00211700A50511 /* Build configuration list for PBXNativeTarget "CountryAppUITests" */;
			buildPhases = (
				EAE67D8D2E00211700A50511 /* Sources */,
				EAE67D8E2E00211700A50511 /* Frameworks */,
				EAE67D8F2E00211700A50511 /* Resources */,
			);
			buildRules = (
			);
			dependencies = (
				EAE67D932E00211700A50511 /* PBXTargetDependency */,
			);
			fileSystemSynchronizedGroups = (
				EAE67D942E00211700A50511 /* CountryAppUITests */,
			);
			name = CountryAppUITests;
			packageProductDependencies = (
			);
			productName = CountryAppUITests;
			productReference = EAE67D912E00211700A50511 /* CountryAppUITests.xctest */;
			productType = "com.apple.product-type.bundle.ui-testing";
		};
/* End PBXNativeTarget section */

/* Begin PBXProject section */
		EAE67D702E00211500A50511 /* Project object */ = {
			isa = PBXProject;
			attributes = {
				BuildIndependentTargetsInParallel = 1;
				LastSwiftUpdateCheck = 1630;
				LastUpgradeCheck = 1630;
				TargetAttributes = {
					EAE67D772E00211500A50511 = {
						CreatedOnToolsVersion = 16.3;
					};
					EAE67D862E00211700A50511 = {
						CreatedOnToolsVersion = 16.3;
						TestTargetID = EAE67D772E00211500A50511;
					};
					EAE67D902E00211700A50511 = {
						CreatedOnToolsVersion = 16.3;
						TestTargetID = EAE67D772E00211500A50511;
					};
				};
			};
			buildConfigurationList = EAE67D732E00211500A50511 /* Build configuration list for PBXProject "CountryApp" */;
			developmentRegion = en;
			hasScannedForEncodings = 0;
			knownRegions = (
				en,
				Base,
			);
			mainGroup = EAE67D6F2E00211500A50511;
			minimizedProjectReferenceProxies = 1;
			packageReferences = (
				EAE67F302E006BC400A50511 /* XCRemoteSwiftPackageReference "SDWebImageSwiftUI" */,
				EAE67F332E006BDE00A50511 /* XCRemoteSwiftPackageReference "SDWebImageSVGCoder" */,
			);
			preferredProjectObjectVersion = 77;
			productRefGroup = EAE67D792E00211500A50511 /* Products */;
			projectDirPath = "";
			projectRoot = "";
			targets = (
				EAE67D772E00211500A50511 /* CountryApp */,
				EAE67D862E00211700A50511 /* CountryAppTests */,
				EAE67D902E00211700A50511 /* CountryAppUITests */,
			);
		};
/* End PBXProject section */

/* Begin PBXResourcesBuildPhase section */
		EAE67D762E00211500A50511 /* Resources */ = {
			isa = PBXResourcesBuildPhase;
			buildActionMask = 2147483647;
			files = (
			);
			runOnlyForDeploymentPostprocessing = 0;
		};
		EAE67D852E00211700A50511 /* Resources */ = {
			isa = PBXResourcesBuildPhase;
			buildActionMask = 2147483647;
			files = (
			);
			runOnlyForDeploymentPostprocessing = 0;
		};
		EAE67D8F2E00211700A50511 /* Resources */ = {
			isa = PBXResourcesBuildPhase;
			buildActionMask = 2147483647;
			files = (
			);
			runOnlyForDeploymentPostprocessing = 0;
		};
/* End PBXResourcesBuildPhase section */

/* Begin PBXSourcesBuildPhase section */
		EAE67D742E00211500A50511 /* Sources */ = {
			isa = PBXSourcesBuildPhase;
			buildActionMask = 2147483647;
			files = (
			);
			runOnlyForDeploymentPostprocessing = 0;
		};
		EAE67D832E00211700A50511 /* Sources */ = {
			isa = PBXSourcesBuildPhase;
			buildActionMask = 2147483647;
			files = (
			);
			runOnlyForDeploymentPostprocessing = 0;
		};
		EAE67D8D2E00211700A50511 /* Sources */ = {
			isa = PBXSourcesBuildPhase;
			buildActionMask = 2147483647;
			files = (
			);
			runOnlyForDeploymentPostprocessing = 0;
		};
/* End PBXSourcesBuildPhase section */

/* Begin PBXTargetDependency section */
		EAE67D892E00211700A50511 /* PBXTargetDependency */ = {
			isa = PBXTargetDependency;
			target = EAE67D772E00211500A50511 /* CountryApp */;
			targetProxy = EAE67D882E00211700A50511 /* PBXContainerItemProxy */;
		};
		EAE67D932E00211700A50511 /* PBXTargetDependency */ = {
			isa = PBXTargetDependency;
			target = EAE67D772E00211500A50511 /* CountryApp */;
			targetProxy = EAE67D922E00211700A50511 /* PBXContainerItemProxy */;
		};
/* End PBXTargetDependency section */

/* Begin XCBuildConfiguration section */
		EAE67D992E00211700A50511 /* Debug */ = {
			isa = XCBuildConfiguration;
			buildSettings = {
				ALWAYS_SEARCH_USER_PATHS = NO;
				ASSETCATALOG_COMPILER_GENERATE_SWIFT_ASSET_SYMBOL_EXTENSIONS = YES;
				CLANG_ANALYZER_NONNULL = YES;
				CLANG_ANALYZER_NUMBER_OBJECT_CONVERSION = YES_AGGRESSIVE;
				CLANG_CXX_LANGUAGE_STANDARD = "gnu++20";
				CLANG_ENABLE_MODULES = YES;
				CLANG_ENABLE_OBJC_ARC = YES;
				CLANG_ENABLE_OBJC_WEAK = YES;
				CLANG_WARN_BLOCK_CAPTURE_AUTORELEASING = YES;
				CLANG_WARN_BOOL_CONVERSION = YES;
				CLANG_WARN_COMMA = YES;
				CLANG_WARN_CONSTANT_CONVERSION = YES;
				CLANG_WARN_DEPRECATED_OBJC_IMPLEMENTATIONS = YES;
				CLANG_WARN_DIRECT_OBJC_ISA_USAGE = YES_ERROR;
				CLANG_WARN_DOCUMENTATION_COMMENTS = YES;
				CLANG_WARN_EMPTY_BODY = YES;
				CLANG_WARN_ENUM_CONVERSION = YES;
				CLANG_WARN_INFINITE_RECURSION = YES;
				CLANG_WARN_INT_CONVERSION = YES;
				CLANG_WARN_NON_LITERAL_NULL_CONVERSION = YES;
				CLANG_WARN_OBJC_IMPLICIT_RETAIN_SELF = YES;
				CLANG_WARN_OBJC_LITERAL_CONVERSION = YES;
				CLANG_WARN_OBJC_ROOT_CLASS = YES_ERROR;
				CLANG_WARN_QUOTED_INCLUDE_IN_FRAMEWORK_HEADER = YES;
				CLANG_WARN_RANGE_LOOP_ANALYSIS = YES;
				CLANG_WARN_STRICT_PROTOTYPES = YES;
				CLANG_WARN_SUSPICIOUS_MOVE = YES;
				CLANG_WARN_UNGUARDED_AVAILABILITY = YES_AGGRESSIVE;
				CLANG_WARN_UNREACHABLE_CODE = YES;
				CLANG_WARN__DUPLICATE_METHOD_MATCH = YES;
				COPY_PHASE_STRIP = NO;
				DEBUG_INFORMATION_FORMAT = dwarf;
				ENABLE_STRICT_OBJC_MSGSEND = YES;
				ENABLE_TESTABILITY = YES;
				ENABLE_USER_SCRIPT_SANDBOXING = YES;
				GCC_C_LANGUAGE_STANDARD = gnu17;
				GCC_DYNAMIC_NO_PIC = NO;
				GCC_NO_COMMON_BLOCKS = YES;
				GCC_OPTIMIZATION_LEVEL = 0;
				GCC_PREPROCESSOR_DEFINITIONS = (
					"DEBUG=1",
					"$(inherited)",
				);
				GCC_WARN_64_TO_32_BIT_CONVERSION = YES;
				GCC_WARN_ABOUT_RETURN_TYPE = YES_ERROR;
				GCC_WARN_UNDECLARED_SELECTOR = YES;
				GCC_WARN_UNINITIALIZED_AUTOS = YES_AGGRESSIVE;
				GCC_WARN_UNUSED_FUNCTION = YES;
				GCC_WARN_UNUSED_VARIABLE = YES;
				IPHONEOS_DEPLOYMENT_TARGET = 18.4;
				LOCALIZATION_PREFERS_STRING_CATALOGS = YES;
				MTL_ENABLE_DEBUG_INFO = INCLUDE_SOURCE;
				MTL_FAST_MATH = YES;
				ONLY_ACTIVE_ARCH = YES;
				SDKROOT = iphoneos;
				SWIFT_ACTIVE_COMPILATION_CONDITIONS = "DEBUG $(inherited)";
				SWIFT_OPTIMIZATION_LEVEL = "-Onone";
			};
			name = Debug;
		};
		EAE67D9A2E00211700A50511 /* Release */ = {
			isa = XCBuildConfiguration;
			buildSettings = {
				ALWAYS_SEARCH_USER_PATHS = NO;
				ASSETCATALOG_COMPILER_GENERATE_SWIFT_ASSET_SYMBOL_EXTENSIONS = YES;
				CLANG_ANALYZER_NONNULL = YES;
				CLANG_ANALYZER_NUMBER_OBJECT_CONVERSION = YES_AGGRESSIVE;
				CLANG_CXX_LANGUAGE_STANDARD = "gnu++20";
				CLANG_ENABLE_MODULES = YES;
				CLANG_ENABLE_OBJC_ARC = YES;
				CLANG_ENABLE_OBJC_WEAK = YES;
				CLANG_WARN_BLOCK_CAPTURE_AUTORELEASING = YES;
				CLANG_WARN_BOOL_CONVERSION = YES;
				CLANG_WARN_COMMA = YES;
				CLANG_WARN_CONSTANT_CONVERSION = YES;
				CLANG_WARN_DEPRECATED_OBJC_IMPLEMENTATIONS = YES;
				CLANG_WARN_DIRECT_OBJC_ISA_USAGE = YES_ERROR;
				CLANG_WARN_DOCUMENTATION_COMMENTS = YES;
				CLANG_WARN_EMPTY_BODY = YES;
				CLANG_WARN_ENUM_CONVERSION = YES;
				CLANG_WARN_INFINITE_RECURSION = YES;
				CLANG_WARN_INT_CONVERSION = YES;
				CLANG_WARN_NON_LITERAL_NULL_CONVERSION = YES;
				CLANG_WARN_OBJC_IMPLICIT_RETAIN_SELF = YES;
				CLANG_WARN_OBJC_LITERAL_CONVERSION = YES;
				CLANG_WARN_OBJC_ROOT_CLASS = YES_ERROR;
				CLANG_WARN_QUOTED_INCLUDE_IN_FRAMEWORK_HEADER = YES;
				CLANG_WARN_RANGE_LOOP_ANALYSIS = YES;
				CLANG_WARN_STRICT_PROTOTYPES = YES;
				CLANG_WARN_SUSPICIOUS_MOVE = YES;
				CLANG_WARN_UNGUARDED_AVAILABILITY = YES_AGGRESSIVE;
				CLANG_WARN_UNREACHABLE_CODE = YES;
				CLANG_WARN__DUPLICATE_METHOD_MATCH = YES;
				COPY_PHASE_STRIP = NO;
				DEBUG_INFORMATION_FORMAT = "dwarf-with-dsym";
				ENABLE_NS_ASSERTIONS = NO;
				ENABLE_STRICT_OBJC_MSGSEND = YES;
				ENABLE_USER_SCRIPT_SANDBOXING = YES;
				GCC_C_LANGUAGE_STANDARD = gnu17;
				GCC_NO_COMMON_BLOCKS = YES;
				GCC_WARN_64_TO_32_BIT_CONVERSION = YES;
				GCC_WARN_ABOUT_RETURN_TYPE = YES_ERROR;
				GCC_WARN_UNDECLARED_SELECTOR = YES;
				GCC_WARN_UNINITIALIZED_AUTOS = YES_AGGRESSIVE;
				GCC_WARN_UNUSED_FUNCTION = YES;
				GCC_WARN_UNUSED_VARIABLE = YES;
				IPHONEOS_DEPLOYMENT_TARGET = 18.4;
				LOCALIZATION_PREFERS_STRING_CATALOGS = YES;
				MTL_ENABLE_DEBUG_INFO = NO;
				MTL_FAST_MATH = YES;
				SDKROOT = iphoneos;
				SWIFT_COMPILATION_MODE = wholemodule;
				VALIDATE_PRODUCT = YES;
			};
			name = Release;
		};
		EAE67D9C2E00211700A50511 /* Debug */ = {
			isa = XCBuildConfiguration;
			buildSettings = {
				ASSETCATALOG_COMPILER_APPICON_NAME = AppIcon;
				ASSETCATALOG_COMPILER_GLOBAL_ACCENT_COLOR_NAME = AccentColor;
				CODE_SIGN_STYLE = Automatic;
				CURRENT_PROJECT_VERSION = 1;
				ENABLE_PREVIEWS = YES;
				GENERATE_INFOPLIST_FILE = YES;
				INFOPLIST_KEY_NSLocationAlwaysAndWhenInUseUsageDescription = "Location permission";
				INFOPLIST_KEY_NSLocationWhenInUseUsageDescription = "Location permission";
				INFOPLIST_KEY_UIApplicationSceneManifest_Generation = YES;
				INFOPLIST_KEY_UIApplicationSupportsIndirectInputEvents = YES;
				INFOPLIST_KEY_UILaunchScreen_Generation = YES;
				INFOPLIST_KEY_UISupportedInterfaceOrientations_iPad = "UIInterfaceOrientationPortrait UIInterfaceOrientationPortraitUpsideDown UIInterfaceOrientationLandscapeLeft UIInterfaceOrientationLandscapeRight";
				INFOPLIST_KEY_UISupportedInterfaceOrientations_iPhone = "UIInterfaceOrientationPortrait UIInterfaceOrientationLandscapeLeft UIInterfaceOrientationLandscapeRight";
				LD_RUNPATH_SEARCH_PATHS = (
					"$(inherited)",
					"@executable_path/Frameworks",
				);
				MARKETING_VERSION = 1.0;
				PRODUCT_BUNDLE_IDENTIFIER = com.tatvasoft.CountryApp;
				PRODUCT_NAME = "$(TARGET_NAME)";
				SWIFT_EMIT_LOC_STRINGS = YES;
				SWIFT_VERSION = 5.0;
				TARGETED_DEVICE_FAMILY = "1,2";
			};
			name = Debug;
		};
		EAE67D9D2E00211700A50511 /* Release */ = {
			isa = XCBuildConfiguration;
			buildSettings = {
				ASSETCATALOG_COMPILER_APPICON_NAME = AppIcon;
				ASSETCATALOG_COMPILER_GLOBAL_ACCENT_COLOR_NAME = AccentColor;
				CODE_SIGN_STYLE = Automatic;
				CURRENT_PROJECT_VERSION = 1;
				ENABLE_PREVIEWS = YES;
				GENERATE_INFOPLIST_FILE = YES;
				INFOPLIST_KEY_NSLocationAlwaysAndWhenInUseUsageDescription = "Location permission";
				INFOPLIST_KEY_NSLocationWhenInUseUsageDescription = "Location permission";
				INFOPLIST_KEY_UIApplicationSceneManifest_Generation = YES;
				INFOPLIST_KEY_UIApplicationSupportsIndirectInputEvents = YES;
				INFOPLIST_KEY_UILaunchScreen_Generation = YES;
				INFOPLIST_KEY_UISupportedInterfaceOrientations_iPad = "UIInterfaceOrientationPortrait UIInterfaceOrientationPortraitUpsideDown UIInterfaceOrientationLandscapeLeft UIInterfaceOrientationLandscapeRight";
				INFOPLIST_KEY_UISupportedInterfaceOrientations_iPhone = "UIInterfaceOrientationPortrait UIInterfaceOrientationLandscapeLeft UIInterfaceOrientationLandscapeRight";
				LD_RUNPATH_SEARCH_PATHS = (
					"$(inherited)",
					"@executable_path/Frameworks",
				);
				MARKETING_VERSION = 1.0;
				PRODUCT_BUNDLE_IDENTIFIER = com.tatvasoft.CountryApp;
				PRODUCT_NAME = "$(TARGET_NAME)";
				SWIFT_EMIT_LOC_STRINGS = YES;
				SWIFT_VERSION = 5.0;
				TARGETED_DEVICE_FAMILY = "1,2";
			};
			name = Release;
		};
		EAE67D9F2E00211700A50511 /* Debug */ = {
			isa = XCBuildConfiguration;
			buildSettings = {
				BUNDLE_LOADER = "$(TEST_HOST)";
				CODE_SIGN_STYLE = Automatic;
				CURRENT_PROJECT_VERSION = 1;
				GENERATE_INFOPLIST_FILE = YES;
				IPHONEOS_DEPLOYMENT_TARGET = 18.4;
				MARKETING_VERSION = 1.0;
				PRODUCT_BUNDLE_IDENTIFIER = com.tatvasoft.CountryAppTests;
				PRODUCT_NAME = "$(TARGET_NAME)";
				SWIFT_EMIT_LOC_STRINGS = NO;
				SWIFT_VERSION = 5.0;
				TARGETED_DEVICE_FAMILY = "1,2";
				TEST_HOST = "$(BUILT_PRODUCTS_DIR)/CountryApp.app/$(BUNDLE_EXECUTABLE_FOLDER_PATH)/CountryApp";
			};
			name = Debug;
		};
		EAE67DA02E00211700A50511 /* Release */ = {
			isa = XCBuildConfiguration;
			buildSettings = {
				BUNDLE_LOADER = "$(TEST_HOST)";
				CODE_SIGN_STYLE = Automatic;
				CURRENT_PROJECT_VERSION = 1;
				GENERATE_INFOPLIST_FILE = YES;
				IPHONEOS_DEPLOYMENT_TARGET = 18.4;
				MARKETING_VERSION = 1.0;
				PRODUCT_BUNDLE_IDENTIFIER = com.tatvasoft.CountryAppTests;
				PRODUCT_NAME = "$(TARGET_NAME)";
				SWIFT_EMIT_LOC_STRINGS = NO;
				SWIFT_VERSION = 5.0;
				TARGETED_DEVICE_FAMILY = "1,2";
				TEST_HOST = "$(BUILT_PRODUCTS_DIR)/CountryApp.app/$(BUNDLE_EXECUTABLE_FOLDER_PATH)/CountryApp";
			};
			name = Release;
		};
		EAE67DA22E00211700A50511 /* Debug */ = {
			isa = XCBuildConfiguration;
			buildSettings = {
				CODE_SIGN_STYLE = Automatic;
				CURRENT_PROJECT_VERSION = 1;
				GENERATE_INFOPLIST_FILE = YES;
				MARKETING_VERSION = 1.0;
				PRODUCT_BUNDLE_IDENTIFIER = com.tatvasoft.CountryAppUITests;
				PRODUCT_NAME = "$(TARGET_NAME)";
				SWIFT_EMIT_LOC_STRINGS = NO;
				SWIFT_VERSION = 5.0;
				TARGETED_DEVICE_FAMILY = "1,2";
				TEST_TARGET_NAME = CountryApp;
			};
			name = Debug;
		};
		EAE67DA32E00211700A50511 /* Release */ = {
			isa = XCBuildConfiguration;
			buildSettings = {
				CODE_SIGN_STYLE = Automatic;
				CURRENT_PROJECT_VERSION = 1;
				GENERATE_INFOPLIST_FILE = YES;
				MARKETING_VERSION = 1.0;
				PRODUCT_BUNDLE_IDENTIFIER = com.tatvasoft.CountryAppUITests;
				PRODUCT_NAME = "$(TARGET_NAME)";
				SWIFT_EMIT_LOC_STRINGS = NO;
				SWIFT_VERSION = 5.0;
				TARGETED_DEVICE_FAMILY = "1,2";
				TEST_TARGET_NAME = CountryApp;
			};
			name = Release;
		};
/* End XCBuildConfiguration section */

/* Begin XCConfigurationList section */
		EAE67D732E00211500A50511 /* Build configuration list for PBXProject "CountryApp" */ = {
			isa = XCConfigurationList;
			buildConfigurations = (
				EAE67D992E00211700A50511 /* Debug */,
				EAE67D9A2E00211700A50511 /* Release */,
			);
			defaultConfigurationIsVisible = 0;
			defaultConfigurationName = Release;
		};
		EAE67D9B2E00211700A50511 /* Build configuration list for PBXNativeTarget "CountryApp" */ = {
			isa = XCConfigurationList;
			buildConfigurations = (
				EAE67D9C2E00211700A50511 /* Debug */,
				EAE67D9D2E00211700A50511 /* Release */,
			);
			defaultConfigurationIsVisible = 0;
			defaultConfigurationName = Release;
		};
		EAE67D9E2E00211700A50511 /* Build configuration list for PBXNativeTarget "CountryAppTests" */ = {
			isa = XCConfigurationList;
			buildConfigurations = (
				EAE67D9F2E00211700A50511 /* Debug */,
				EAE67DA02E00211700A50511 /* Release */,
			);
			defaultConfigurationIsVisible = 0;
			defaultConfigurationName = Release;
		};
		EAE67DA12E00211700A50511 /* Build configuration list for PBXNativeTarget "CountryAppUITests" */ = {
			isa = XCConfigurationList;
			buildConfigurations = (
				EAE67DA22E00211700A50511 /* Debug */,
				EAE67DA32E00211700A50511 /* Release */,
			);
			defaultConfigurationIsVisible = 0;
			defaultConfigurationName = Release;
		};
/* End XCConfigurationList section */

/* Begin XCRemoteSwiftPackageReference section */
		EAE67F302E006BC400A50511 /* XCRemoteSwiftPackageReference "SDWebImageSwiftUI" */ = {
			isa = XCRemoteSwiftPackageReference;
			repositoryURL = "https://github.com/SDWebImage/SDWebImageSwiftUI.git";
			requirement = {
				kind = upToNextMajorVersion;
				minimumVersion = 3.1.3;
			};
		};
		EAE67F332E006BDE00A50511 /* XCRemoteSwiftPackageReference "SDWebImageSVGCoder" */ = {
			isa = XCRemoteSwiftPackageReference;
			repositoryURL = "https://github.com/SDWebImage/SDWebImageSVGCoder";
			requirement = {
				kind = upToNextMajorVersion;
				minimumVersion = 1.8.0;
			};
		};
/* End XCRemoteSwiftPackageReference section */

/* Begin XCSwiftPackageProductDependency section */
		EAE67F312E006BC400A50511 /* SDWebImageSwiftUI */ = {
			isa = XCSwiftPackageProductDependency;
			package = EAE67F302E006BC400A50511 /* XCRemoteSwiftPackageReference "SDWebImageSwiftUI" */;
			productName = SDWebImageSwiftUI;
		};
		EAE67F342E006BDE00A50511 /* SDWebImageSVGCoder */ = {
			isa = XCSwiftPackageProductDependency;
			package = EAE67F332E006BDE00A50511 /* XCRemoteSwiftPackageReference "SDWebImageSVGCoder" */;
			productName = SDWebImageSVGCoder;
		};
/* End XCSwiftPackageProductDependency section */
	};
	rootObject = EAE67D702E00211500A50511 /* Project object */;
}
